// !$*UTF8*$!
{
	archiveVersion = 1;
	classes = {
	};
	objectVersion = 46;
	objects = {

/* Begin PBXBuildFile section */
		A41966081CCFE84000BEE4A9 /* AppDelegate.swift in Sources */ = {isa = PBXBuildFile; fileRef = A41966071CCFE84000BEE4A9 /* AppDelegate.swift */; };
		A419660A1CCFE84000BEE4A9 /* ViewController.swift in Sources */ = {isa = PBXBuildFile; fileRef = A41966091CCFE84000BEE4A9 /* ViewController.swift */; };
		A419660D1CCFE84000BEE4A9 /* Main.storyboard in Resources */ = {isa = PBXBuildFile; fileRef = A419660B1CCFE84000BEE4A9 /* Main.storyboard */; };
		A419660F1CCFE84000BEE4A9 /* Assets.xcassets in Resources */ = {isa = PBXBuildFile; fileRef = A419660E1CCFE84000BEE4A9 /* Assets.xcassets */; };
/* End PBXBuildFile section */

/* Begin PBXFileReference section */
		A41966041CCFE84000BEE4A9 /* 2016-04-26-Hello TV.app */ = {isa = PBXFileReference; explicitFileType = wrapper.application; includeInIndex = 0; path = "2016-04-26-Hello TV.app"; sourceTree = BUILT_PRODUCTS_DIR; };
		A41966071CCFE84000BEE4A9 /* AppDelegate.swift */ = {isa = PBXFileReference; lastKnownFileType = sourcecode.swift; path = AppDelegate.swift; sourceTree = "<group>"; };
		A41966091CCFE84000BEE4A9 /* ViewController.swift */ = {isa = PBXFileReference; lastKnownFileType = sourcecode.swift; path = ViewController.swift; sourceTree = "<group>"; };
		A419660C1CCFE84000BEE4A9 /* Base */ = {isa = PBXFileReference; lastKnownFileType = file.storyboard; name = Base; path = Base.lproj/Main.storyboard; sourceTree = "<group>"; };
		A419660E1CCFE84000BEE4A9 /* Assets.xcassets */ = {isa = PBXFileReference; lastKnownFileType = folder.assetcatalog; path = Assets.xcassets; sourceTree = "<group>"; };
		A41966101CCFE84000BEE4A9 /* Info.plist */ = {isa = PBXFileReference; lastKnownFileType = text.plist.xml; path = Info.plist; sourceTree = "<group>"; };
/* End PBXFileReference section */

/* Begin PBXFrameworksBuildPhase section */
		A41966011CCFE84000BEE4A9 /* Frameworks */ = {
			isa = PBXFrameworksBuildPhase;
			buildActionMask = 2147483647;
			files = (
			);
			runOnlyForDeploymentPostprocessing = 0;
		};
/* End PBXFrameworksBuildPhase section */

/* Begin PBXGroup section */
		A41965FB1CCFE84000BEE4A9 = {
			isa = PBXGroup;
			children = (
				A41966061CCFE84000BEE4A9 /* 2016-04-26-Hello TV */,
				A41966051CCFE84000BEE4A9 /* Products */,
			);
			sourceTree = "<group>";
		};
		A41966051CCFE84000BEE4A9 /* Products */ = {
			isa = PBXGroup;
			children = (
				A41966041CCFE84000BEE4A9 /* 2016-04-26-Hello TV.app */,
			);
			name = Products;
			sourceTree = "<group>";
		};
		A41966061CCFE84000BEE4A9 /* 2016-04-26-Hello TV */ = {
			isa = PBXGroup;
			children = (
				A41966071CCFE84000BEE4A9 /* AppDelegate.swift */,
				A41966091CCFE84000BEE4A9 /* ViewController.swift */,
				A419660B1CCFE84000BEE4A9 /* Main.storyboard */,
				A419660E1CCFE84000BEE4A9 /* Assets.xcassets */,
				A41966101CCFE84000BEE4A9 /* Info.plist */,
			);
			path = "2016-04-26-Hello TV";
			sourceTree = "<group>";
		};
/* End PBXGroup section */

/* Begin PBXNativeTarget section */
		A41966031CCFE84000BEE4A9 /* 2016-04-26-Hello TV */ = {
			isa = PBXNativeTarget;
			buildConfigurationList = A41966131CCFE84000BEE4A9 /* Build configuration list for PBXNativeTarget "2016-04-26-Hello TV" */;
			buildPhases = (
				A41966001CCFE84000BEE4A9 /* Sources */,
				A41966011CCFE84000BEE4A9 /* Frameworks */,
				A41966021CCFE84000BEE4A9 /* Resources */,
			);
			buildRules = (
			);
			dependencies = (
			);
			name = "2016-04-26-Hello TV";
			productName = "2016-04-26-Hello TV";
			productReference = A41966041CCFE84000BEE4A9 /* 2016-04-26-Hello TV.app */;
			productType = "com.apple.product-type.application";
		};
/* End PBXNativeTarget section */

/* Begin PBXProject section */
		A41965FC1CCFE84000BEE4A9 /* Project object */ = {
			isa = PBXProject;
			attributes = {
				LastSwiftUpdateCheck = 0730;
				LastUpgradeCheck = 0730;
				ORGANIZATIONNAME = TB;
				TargetAttributes = {
					A41966031CCFE84000BEE4A9 = {
						CreatedOnToolsVersion = 7.3;
					};
				};
			};
			buildConfigurationList = A41965FF1CCFE84000BEE4A9 /* Build configuration list for PBXProject "2016-04-26-Hello TV" */;
			compatibilityVersion = "Xcode 3.2";
			developmentRegion = English;
			hasScannedForEncodings = 0;
			knownRegions = (
				en,
				Base,
			);
			mainGroup = A41965FB1CCFE84000BEE4A9;
			productRefGroup = A41966051CCFE84000BEE4A9 /* Products */;
			projectDirPath = "";
			projectRoot = "";
			targets = (
				A41966031CCFE84000BEE4A9 /* 2016-04-26-Hello TV */,
			);
		};
/* End PBXProject section */

/* Begin PBXResourcesBuildPhase section */
		A41966021CCFE84000BEE4A9 /* Resources */ = {
			isa = PBXResourcesBuildPhase;
			buildActionMask = 2147483647;
			files = (
				A419660F1CCFE84000BEE4A9 /* Assets.xcassets in Resources */,
				A419660D1CCFE84000BEE4A9 /* Main.storyboard in Resources */,
			);
			runOnlyForDeploymentPostprocessing = 0;
		};
/* End PBXResourcesBuildPhase section */

/* Begin PBXSourcesBuildPhase section */
		A41966001CCFE84000BEE4A9 /* Sources */ = {
			isa = PBXSourcesBuildPhase;
			buildActionMask = 2147483647;
			files = (
				A419660A1CCFE84000BEE4A9 /* ViewController.swift in Sources */,
				A41966081CCFE84000BEE4A9 /* AppDelegate.swift in Sources */,
			);
			runOnlyForDeploymentPostprocessing = 0;
		};
/* End PBXSourcesBuildPhase section */

/* Begin PBXVariantGroup section */
		A419660B1CCFE84000BEE4A9 /* Main.storyboard */ = {
			isa = PBXVariantGroup;
			children = (
				A419660C1CCFE84000BEE4A9 /* Base */,
			);
			name = Main.storyboard;
			sourceTree = "<group>";
		};
/* End PBXVariantGroup section */

/* Begin XCBuildConfiguration section */
		A41966111CCFE84000BEE4A9 /* Debug */ = {
			isa = XCBuildConfiguration;
			buildSettings = {
				ALWAYS_SEARCH_USER_PATHS = NO;
				CLANG_ANALYZER_NONNULL = YES;
				CLANG_CXX_LANGUAGE_STANDARD = "gnu++0x";
				CLANG_CXX_LIBRARY = "libc++";
				CLANG_ENABLE_MODULES = YES;
				CLANG_ENABLE_OBJC_ARC = YES;
				CLANG_WARN_BOOL_CONVERSION = YES;
				CLANG_WARN_CONSTANT_CONVERSION = YES;
				CLANG_WARN_DIRECT_OBJC_ISA_USAGE = YES_ERROR;
				CLANG_WARN_EMPTY_BODY = YES;
				CLANG_WARN_ENUM_CONVERSION = YES;
				CLANG_WARN_INT_CONVERSION = YES;
				CLANG_WARN_OBJC_ROOT_CLASS = YES_ERROR;
				CLANG_WARN_UNREACHABLE_CODE = YES;
				CLANG_WARN__DUPLICATE_METHOD_MATCH = YES;
				COPY_PHASE_STRIP = NO;
				DEBUG_INFORMATION_FORMAT = dwarf;
				ENABLE_STRICT_OBJC_MSGSEND = YES;
				ENABLE_TESTABILITY = YES;
				GCC_C_LANGUAGE_STANDARD = gnu99;
				GCC_DYNAMIC_NO_PIC = NO;
				GCC_NO_COMMON_BLOCKS = YES;
				GCC_OPTIMIZATION_LEVEL = 0;
				GCC_PREPROCESSOR_DEFINITIONS = (
					"DEBUG=1",
					"$(inherited)",
				);
				GCC_WARN_64_TO_32_BIT_CONVERSION = YES;
				GCC_WARN_ABOUT_RETURN_TYPE = YES_ERROR;
				GCC_WARN_UNDECLARED_SELECTOR = YES;
				GCC_WARN_UNINITIALIZED_AUTOS = YES_AGGRESSIVE;
				GCC_WARN_UNUSED_FUNCTION = YES;
				GCC_WARN_UNUSED_VARIABLE = YES;
				MTL_ENABLE_DEBUG_INFO = YES;
				ONLY_ACTIVE_ARCH = YES;
				SDKROOT = appletvos;
				SWIFT_OPTIMIZATION_LEVEL = "-Onone";
				TARGETED_DEVICE_FAMILY = 3;
				TVOS_DEPLOYMENT_TARGET = 9.2;
			};
			name = Debug;
		};
		A41966121CCFE84000BEE4A9 /* Release */ = {
			isa = XCBuildConfiguration;
			buildSettings = {
				ALWAYS_SEARCH_USER_PATHS = NO;
				CLANG_ANALYZER_NONNULL = YES;
				CLANG_CXX_LANGUAGE_STANDARD = "gnu++0x";
				CLANG_CXX_LIBRARY = "libc++";
				CLANG_ENABLE_MODULES = YES;
				CLANG_ENABLE_OBJC_ARC = YES;
				CLANG_WARN_BOOL_CONVERSION = YES;
				CLANG_WARN_CONSTANT_CONVERSION = YES;
				CLANG_WARN_DIRECT_OBJC_ISA_USAGE = YES_ERROR;
				CLANG_WARN_EMPTY_BODY = YES;
				CLANG_WARN_ENUM_CONVERSION = YES;
				CLANG_WARN_INT_CONVERSION = YES;
				CLANG_WARN_OBJC_ROOT_CLASS = YES_ERROR;
				CLANG_WARN_UNREACHABLE_CODE = YES;
				CLANG_WARN__DUPLICATE_METHOD_MATCH = YES;
				COPY_PHASE_STRIP = NO;
				DEBUG_INFORMATION_FORMAT = "dwarf-with-dsym";
				ENABLE_NS_ASSERTIONS = NO;
				ENABLE_STRICT_OBJC_MSGSEND = YES;
				GCC_C_LANGUAGE_STANDARD = gnu99;
				GCC_NO_COMMON_BLOCKS = YES;
				GCC_WARN_64_TO_32_BIT_CONVERSION = YES;
				GCC_WARN_ABOUT_RETURN_TYPE = YES_ERROR;
				GCC_WARN_UNDECLARED_SELECTOR = YES;
				GCC_WARN_UNINITIALIZED_AUTOS = YES_AGGRESSIVE;
				GCC_WARN_UNUSED_FUNCTION = YES;
				GCC_WARN_UNUSED_VARIABLE = YES;
				MTL_ENABLE_DEBUG_INFO = NO;
				SDKROOT = appletvos;
				TARGETED_DEVICE_FAMILY = 3;
				TVOS_DEPLOYMENT_TARGET = 9.2;
				VALIDATE_PRODUCT = YES;
			};
			name = Release;
		};
		A41966141CCFE84000BEE4A9 /* Debug */ = {
			isa = XCBuildConfiguration;
			buildSettings = {
				ASSETCATALOG_COMPILER_APPICON_NAME = "App Icon & Top Shelf Image";
				ASSETCATALOG_COMPILER_LAUNCHIMAGE_NAME = LaunchImage;
				INFOPLIST_FILE = "2016-04-26-Hello TV/Info.plist";
				LD_RUNPATH_SEARCH_PATHS = "$(inherited) @executable_path/Frameworks";
				PRODUCT_BUNDLE_IDENTIFIER = "TB.-016-04-26-Hello-TV";
				PRODUCT_NAME = "$(TARGET_NAME)";
			};
			name = Debug;
		};
		A41966151CCFE84000BEE4A9 /* Release */ = {
			isa = XCBuildConfiguration;
			buildSettings = {
				ASSETCATALOG_COMPILER_APPICON_NAME = "App Icon & Top Shelf Image";
				ASSETCATALOG_COMPILER_LAUNCHIMAGE_NAME = LaunchImage;
				INFOPLIST_FILE = "2016-04-26-Hello TV/Info.plist";
				LD_RUNPATH_SEARCH_PATHS = "$(inherited) @executable_path/Frameworks";
				PRODUCT_BUNDLE_IDENTIFIER = "TB.-016-04-26-Hello-TV";
				PRODUCT_NAME = "$(TARGET_NAME)";
			};
			name = Release;
		};
/* End XCBuildConfiguration section */

/* Begin XCConfigurationList section */
		A41965FF1CCFE84000BEE4A9 /* Build configuration list for PBXProject "2016-04-26-Hello TV" */ = {
			isa = XCConfigurationList;
			buildConfigurations = (
				A41966111CCFE84000BEE4A9 /* Debug */,
				A41966121CCFE84000BEE4A9 /* Release */,
			);
			defaultConfigurationIsVisible = 0;
			defaultConfigurationName = Release;
		};
		A41966131CCFE84000BEE4A9 /* Build configuration list for PBXNativeTarget "2016-04-26-Hello TV" */ = {
			isa = XCConfigurationList;
			buildConfigurations = (
				A41966141CCFE84000BEE4A9 /* Debug */,
				A41966151CCFE84000BEE4A9 /* Release */,
			);
			defaultConfigurationIsVisible = 0;
		};
/* End XCConfigurationList section */
	};
	rootObject = A41965FC1CCFE84000BEE4A9 /* Project object */;
}
